
Microsoft Visual Studio Solution File, Format Version 12.00
# Visual Studio Version 17
VisualStudioVersion = 17.10.35013.160
MinimumVisualStudioVersion = 10.0.40219.1
Project("{FAE04EC0-301F-11D3-BF4B-00C04F79EFBC}") = "ConsoleAppAssignment1st", "ConsoleAppAssignment1st.csproj", "{2698D5F8-5EDF-406B-B675-43AE760ECFF2}"
EndProject
Global
	GlobalSection(SolutionConfigurationPlatforms) = preSolution
		Debug|Any CPU = Debug|Any CPU
		Release|Any CPU = Release|Any CPU
	EndGlobalSection
	GlobalSection(ProjectConfigurationPlatforms) = postSolution
		{2698D5F8-5EDF-406B-B675-43AE760ECFF2}.Debug|Any CPU.ActiveCfg = Debug|Any CPU
		{2698D5F8-5EDF-406B-B675-43AE760ECFF2}.Debug|Any CPU.Build.0 = Debug|Any CPU
		{2698D5F8-5EDF-406B-B675-43AE760ECFF2}.Release|Any CPU.ActiveCfg = Release|Any CPU
		{2698D5F8-5EDF-406B-B675-43AE760ECFF2}.Release|Any CPU.Build.0 = Release|Any CPU
	EndGlobalSection
	GlobalSection(SolutionProperties) = preSolution
		HideSolutionNode = FALSE
	EndGlobalSection
	GlobalSection(ExtensibilityGlobals) = postSolution
		SolutionGuid = {6B784FB9-0160-4D41-9E02-8FBBE9E2D9BD}
	EndGlobalSection
EndGlobal
